{
  "name": "temp-vue-h5",
  "version": "0.1.0",
  "lockfileVersion": 1,
  "requires": true,
  "dependencies": {
    "echarts": {
      "version": "4.5.0",
      "resolved": "https://registry.npmjs.org/echarts/-/echarts-4.5.0.tgz",
      "integrity": "sha512-q9M0errodeX/786uPifro76x0elbrUQkbSHh235QzbkaASuvP9AQoMErhGBno4iC/yq6kFDLqgmm3XCPWQGLzA==",
      "requires": {
        "zrender": "4.1.2"
      }
    },
    "zrender": {
      "version": "4.1.2",
      "resolved": "https://registry.npm.taobao.org/zrender/download/zrender-4.1.2.tgz?cache=0&sync_timestamp=1573136590999&other_urls=https%3A%2F%2Fregistry.npm.taobao.org%2Fzrender%2Fdownload%2Fzrender-4.1.2.tgz"
    }
  }
}
